
Microsoft Visual Studio Solution File, Format Version 12.00
# Visual Studio Version 16
VisualStudioVersion = 16.0.808.10
MinimumVisualStudioVersion = 10.0.40219.1
Project("{FAE04EC0-301F-11D3-BF4B-00C04F79EFBC}") = "TelegramMoviesBot", "TelegramMoviesBot\TelegramMoviesBot.csproj", "{AAE4E9A7-1D64-4E60-ABC0-2C233CA91C27}"
EndProject
Project("{FAE04EC0-301F-11D3-BF4B-00C04F79EFBC}") = "MoviesDatabase", "MoviesDatabase\MoviesDatabase.csproj", "{D0E19829-73F5-432E-A945-74DF5C99E9DE}"
EndProject
Project("{FAE04EC0-301F-11D3-BF4B-00C04F79EFBC}") = "Tests", "Tests\Tests.csproj", "{6D244123-C32E-40D1-BA85-0F8F06440A7C}"
EndProject
Project("{FAE04EC0-301F-11D3-BF4B-00C04F79EFBC}") = "StaticFuncs", "StaticFuncs\StaticFuncs.csproj", "{69814509-A0E6-4150-AD3F-7D3556A717CE}"
EndProject
Global
	GlobalSection(SolutionConfigurationPlatforms) = preSolution
		Debug|Any CPU = Debug|Any CPU
		Release|Any CPU = Release|Any CPU
	EndGlobalSection
	GlobalSection(ProjectConfigurationPlatforms) = postSolution
		{AAE4E9A7-1D64-4E60-ABC0-2C233CA91C27}.Debug|Any CPU.ActiveCfg = Debug|Any CPU
		{AAE4E9A7-1D64-4E60-ABC0-2C233CA91C27}.Debug|Any CPU.Build.0 = Debug|Any CPU
		{AAE4E9A7-1D64-4E60-ABC0-2C233CA91C27}.Release|Any CPU.ActiveCfg = Release|Any CPU
		{AAE4E9A7-1D64-4E60-ABC0-2C233CA91C27}.Release|Any CPU.Build.0 = Release|Any CPU
		{D0E19829-73F5-432E-A945-74DF5C99E9DE}.Debug|Any CPU.ActiveCfg = Debug|Any CPU
		{D0E19829-73F5-432E-A945-74DF5C99E9DE}.Debug|Any CPU.Build.0 = Debug|Any CPU
		{D0E19829-73F5-432E-A945-74DF5C99E9DE}.Release|Any CPU.ActiveCfg = Release|Any CPU
		{D0E19829-73F5-432E-A945-74DF5C99E9DE}.Release|Any CPU.Build.0 = Release|Any CPU
		{6D244123-C32E-40D1-BA85-0F8F06440A7C}.Debug|Any CPU.ActiveCfg = Debug|Any CPU
		{6D244123-C32E-40D1-BA85-0F8F06440A7C}.Debug|Any CPU.Build.0 = Debug|Any CPU
		{6D244123-C32E-40D1-BA85-0F8F06440A7C}.Release|Any CPU.ActiveCfg = Release|Any CPU
		{6D244123-C32E-40D1-BA85-0F8F06440A7C}.Release|Any CPU.Build.0 = Release|Any CPU
		{69814509-A0E6-4150-AD3F-7D3556A717CE}.Debug|Any CPU.ActiveCfg = Debug|Any CPU
		{69814509-A0E6-4150-AD3F-7D3556A717CE}.Debug|Any CPU.Build.0 = Debug|Any CPU
		{69814509-A0E6-4150-AD3F-7D3556A717CE}.Release|Any CPU.ActiveCfg = Release|Any CPU
		{69814509-A0E6-4150-AD3F-7D3556A717CE}.Release|Any CPU.Build.0 = Release|Any CPU
	EndGlobalSection
	GlobalSection(SolutionProperties) = preSolution
		HideSolutionNode = FALSE
	EndGlobalSection
	GlobalSection(ExtensibilityGlobals) = postSolution
		SolutionGuid = {8D4A5E8A-0178-4BE9-8ACE-1A9DD54C206C}
	EndGlobalSection
EndGlobal
